PODS:
  - Alamofire (4.8.2)
  - MagazineLayout (1.5.0)
  - SQLite.swift (0.12.2):
    - SQLite.swift/standard (= 0.12.2)
  - SQLite.swift/standard (0.12.2)
  - SwiftSoup (1.7.4)

DEPENDENCIES:
  - Alamofire
  - MagazineLayout
  - SQLite.swift
  - SwiftSoup

SPEC REPOS:
  https://github.com/cocoapods/specs.git:
    - Alamofire
    - MagazineLayout
    - SQLite.swift
    - SwiftSoup

SPEC CHECKSUMS:
  Alamofire: ae5c501addb7afdbb13687d7f2f722c78734c2d3
  MagazineLayout: fe41dc2cf1923e3bf377cd8d906a4455a0bf9c83
  SQLite.swift: d2b4642190917051ce6bd1d49aab565fe794eea3
  SwiftSoup: 92f5b348c131aed8af04f4326db1579ab19fa08c

PODFILE CHECKSUM: 193891d247791f0b53f0dc2ae08ce321f2c24c0d

COCOAPODS: 1.6.1
